# This file is automatically @generated by Poetry 1.8.2 and should not be changed by hand.

[[package]]
name = "polars"
version = "0.20.23"
description = "Blazingly fast DataFrame library"
optional = false
python-versions = ">=3.8"
files = [
    {file = "polars-0.20.23-cp38-abi3-macosx_10_12_x86_64.whl", hash = "sha256:9b1001a29e785126f0e189786223c45bf9c7696ed3d221a61dd629ff5e8229d3"},
    {file = "polars-0.20.23-cp38-abi3-macosx_11_0_arm64.whl", hash = "sha256:7de724f9b7f94c76008023b1ef9319e7dccada97e98d48d548be487be8dc2ea6"},
    {file = "polars-0.20.23-cp38-abi3-manylinux_2_17_x86_64.manylinux2014_x86_64.whl", hash = "sha256:f109512a456f9f8bdc20e5b19e5794471d4a1a507f99daf1afe1b41eb3227c41"},
    {file = "polars-0.20.23-cp38-abi3-manylinux_2_24_aarch64.whl", hash = "sha256:bfd10ffabafecba3bb836f9e267405abc8259da5fb8d5e74096d46eea802a295"},
    {file = "polars-0.20.23-cp38-abi3-win_amd64.whl", hash = "sha256:de69adcfe4a92821f28c0223b801e56a36682a7aac32df8e860e6df7678f4c8a"},
    {file = "polars-0.20.23.tar.gz", hash = "sha256:4503c446c7771d5b52d5bff4f2dbf2e999a87a1cc3c89931db255cff43218436"},
]

[package.extras]
adbc = ["adbc-driver-manager", "adbc-driver-sqlite"]
all = ["polars[adbc,async,cloudpickle,connectorx,deltalake,fastexcel,fsspec,gevent,numpy,pandas,plot,pyarrow,pydantic,pyiceberg,sqlalchemy,timezone,xlsx2csv,xlsxwriter]"]
async = ["nest-asyncio"]
cloudpickle = ["cloudpickle"]
connectorx = ["connectorx (>=0.3.2)"]
deltalake = ["deltalake (>=0.15.0)"]
fastexcel = ["fastexcel (>=0.9)"]
fsspec = ["fsspec"]
gevent = ["gevent"]
matplotlib = ["matplotlib"]
numpy = ["numpy (>=1.16.0)"]
openpyxl = ["openpyxl (>=3.0.0)"]
pandas = ["pandas", "pyarrow (>=7.0.0)"]
plot = ["hvplot (>=0.9.1)"]
pyarrow = ["pyarrow (>=7.0.0)"]
pydantic = ["pydantic"]
pyiceberg = ["pyiceberg (>=0.5.0)"]
pyxlsb = ["pyxlsb (>=1.0)"]
sqlalchemy = ["pandas", "sqlalchemy"]
timezone = ["backports-zoneinfo", "tzdata"]
xlsx2csv = ["xlsx2csv (>=0.8.0)"]
xlsxwriter = ["xlsxwriter"]

[metadata]
lock-version = "2.0"
python-versions = "^3.12"
content-hash = "3317125c98348c512697e8375bb74eea36dd8e53a133ded0ed9f0f22213ca2d3"
